// !$*UTF8*$!
{
	archiveVersion = 1;
	classes = {
	};
	objectVersion = 46;
	objects = {

/* Begin PBXBuildFile section */
		5883A8DD1C9A4BBF00C29866 /* AppDelegate.swift in Sources */ = {isa = PBXBuildFile; fileRef = 5883A8DC1C9A4BBF00C29866 /* AppDelegate.swift */; };
		5883A8DF1C9A4BBF00C29866 /* ViewController.swift in Sources */ = {isa = PBXBuildFile; fileRef = 5883A8DE1C9A4BBF00C29866 /* ViewController.swift */; };
		5883A8E21C9A4BBF00C29866 /* Main.storyboard in Resources */ = {isa = PBXBuildFile; fileRef = 5883A8E01C9A4BBF00C29866 /* Main.storyboard */; };
		5883A8E41C9A4BBF00C29866 /* Assets.xcassets in Resources */ = {isa = PBXBuildFile; fileRef = 5883A8E31C9A4BBF00C29866 /* Assets.xcassets */; };
		5883A8E71C9A4BBF00C29866 /* LaunchScreen.storyboard in Resources */ = {isa = PBXBuildFile; fileRef = 5883A8E51C9A4BBF00C29866 /* LaunchScreen.storyboard */; };
		5883A8F21C9A4BBF00C29866 /* demoTests.swift in Sources */ = {isa = PBXBuildFile; fileRef = 5883A8F11C9A4BBF00C29866 /* demoTests.swift */; };
		5883A8FD1C9A4BBF00C29866 /* demoUITests.swift in Sources */ = {isa = PBXBuildFile; fileRef = 5883A8FC1C9A4BBF00C29866 /* demoUITests.swift */; };
/* End PBXBuildFile section */

/* Begin PBXContainerItemProxy section */
		5883A8EE1C9A4BBF00C29866 /* PBXContainerItemProxy */ = {
			isa = PBXContainerItemProxy;
			containerPortal = 5883A8D11C9A4BBF00C29866 /* Project object */;
			proxyType = 1;
			remoteGlobalIDString = 5883A8D81C9A4BBF00C29866;
			remoteInfo = demo;
		};
		5883A8F91C9A4BBF00C29866 /* PBXContainerItemProxy */ = {
			isa = PBXContainerItemProxy;
			containerPortal = 5883A8D11C9A4BBF00C29866 /* Project object */;
			proxyType = 1;
			remoteGlobalIDString = 5883A8D81C9A4BBF00C29866;
			remoteInfo = demo;
		};
/* End PBXContainerItemProxy section */

/* Begin PBXFileReference section */
		5883A8D91C9A4BBF00C29866 /* demo.app */ = {isa = PBXFileReference; explicitFileType = wrapper.application; includeInIndex = 0; path = demo.app; sourceTree = BUILT_PRODUCTS_DIR; };
		5883A8DC1C9A4BBF00C29866 /* AppDelegate.swift */ = {isa = PBXFileReference; lastKnownFileType = sourcecode.swift; path = AppDelegate.swift; sourceTree = "<group>"; };
		5883A8DE1C9A4BBF00C29866 /* ViewController.swift */ = {isa = PBXFileReference; lastKnownFileType = sourcecode.swift; path = ViewController.swift; sourceTree = "<group>"; };
		5883A8E11C9A4BBF00C29866 /* Base */ = {isa = PBXFileReference; lastKnownFileType = file.storyboard; name = Base; path = Base.lproj/Main.storyboard; sourceTree = "<group>"; };
		5883A8E31C9A4BBF00C29866 /* Assets.xcassets */ = {isa = PBXFileReference; lastKnownFileType = folder.assetcatalog; path = Assets.xcassets; sourceTree = "<group>"; };
		5883A8E61C9A4BBF00C29866 /* Base */ = {isa = PBXFileReference; lastKnownFileType = file.storyboard; name = Base; path = Base.lproj/LaunchScreen.storyboard; sourceTree = "<group>"; };
		5883A8E81C9A4BBF00C29866 /* Info.plist */ = {isa = PBXFileReference; lastKnownFileType = text.plist.xml; path = Info.plist; sourceTree = "<group>"; };
		5883A8ED1C9A4BBF00C29866 /* demoTests.xctest */ = {isa = PBXFileReference; explicitFileType = wrapper.cfbundle; includeInIndex = 0; path = demoTests.xctest; sourceTree = BUILT_PRODUCTS_DIR; };
		5883A8F11C9A4BBF00C29866 /* demoTests.swift */ = {isa = PBXFileReference; lastKnownFileType = sourcecode.swift; path = demoTests.swift; sourceTree = "<group>"; };
		5883A8F31C9A4BBF00C29866 /* Info.plist */ = {isa = PBXFileReference; lastKnownFileType = text.plist.xml; path = Info.plist; sourceTree = "<group>"; };
		5883A8F81C9A4BBF00C29866 /* demoUITests.xctest */ = {isa = PBXFileReference; explicitFileType = wrapper.cfbundle; includeInIndex = 0; path = demoUITests.xctest; sourceTree = BUILT_PRODUCTS_DIR; };
		5883A8FC1C9A4BBF00C29866 /* demoUITests.swift */ = {isa = PBXFileReference; lastKnownFileType = sourcecode.swift; path = demoUITests.swift; sourceTree = "<group>"; };
		5883A8FE1C9A4BBF00C29866 /* Info.plist */ = {isa = PBXFileReference; lastKnownFileType = text.plist.xml; path = Info.plist; sourceTree = "<group>"; };
/* End PBXFileReference section */

/* Begin PBXFrameworksBuildPhase section */
		5883A8D61C9A4BBF00C29866 /* Frameworks */ = {
			isa = PBXFrameworksBuildPhase;
			buildActionMask = 2147483647;
			files = (
			);
			runOnlyForDeploymentPostprocessing = 0;
		};
		5883A8EA1C9A4BBF00C29866 /* Frameworks */ = {
			isa = PBXFrameworksBuildPhase;
			buildActionMask = 2147483647;
			files = (
			);
			runOnlyForDeploymentPostprocessing = 0;
		};
		5883A8F51C9A4BBF00C29866 /* Frameworks */ = {
			isa = PBXFrameworksBuildPhase;
			buildActionMask = 2147483647;
			files = (
			);
			runOnlyForDeploymentPostprocessing = 0;
		};
/* End PBXFrameworksBuildPhase section */

/* Begin PBXGroup section */
		5883A8D01C9A4BBF00C29866 = {
			isa = PBXGroup;
			children = (
				5883A8DB1C9A4BBF00C29866 /* demo */,
				5883A8F01C9A4BBF00C29866 /* demoTests */,
				5883A8FB1C9A4BBF00C29866 /* demoUITests */,
				5883A8DA1C9A4BBF00C29866 /* Products */,
			);
			sourceTree = "<group>";
		};
		5883A8DA1C9A4BBF00C29866 /* Products */ = {
			isa = PBXGroup;
			children = (
				5883A8D91C9A4BBF00C29866 /* demo.app */,
				5883A8ED1C9A4BBF00C29866 /* demoTests.xctest */,
				5883A8F81C9A4BBF00C29866 /* demoUITests.xctest */,
			);
			name = Products;
			sourceTree = "<group>";
		};
		5883A8DB1C9A4BBF00C29866 /* demo */ = {
			isa = PBXGroup;
			children = (
				5883A8DC1C9A4BBF00C29866 /* AppDelegate.swift */,
				5883A8DE1C9A4BBF00C29866 /* ViewController.swift */,
				5883A8E01C9A4BBF00C29866 /* Main.storyboard */,
				5883A8E31C9A4BBF00C29866 /* Assets.xcassets */,
				5883A8E51C9A4BBF00C29866 /* LaunchScreen.storyboard */,
				5883A8E81C9A4BBF00C29866 /* Info.plist */,
			);
			path = demo;
			sourceTree = "<group>";
		};
		5883A8F01C9A4BBF00C29866 /* demoTests */ = {
			isa = PBXGroup;
			children = (
				5883A8F11C9A4BBF00C29866 /* demoTests.swift */,
				5883A8F31C9A4BBF00C29866 /* Info.plist */,
			);
			path = demoTests;
			sourceTree = "<group>";
		};
		5883A8FB1C9A4BBF00C29866 /* demoUITests */ = {
			isa = PBXGroup;
			children = (
				5883A8FC1C9A4BBF00C29866 /* demoUITests.swift */,
				5883A8FE1C9A4BBF00C29866 /* Info.plist */,
			);
			path = demoUITests;
			sourceTree = "<group>";
		};
/* End PBXGroup section */

/* Begin PBXNativeTarget section */
		5883A8D81C9A4BBF00C29866 /* demo */ = {
			isa = PBXNativeTarget;
			buildConfigurationList = 5883A9011C9A4BBF00C29866 /* Build configuration list for PBXNativeTarget "demo" */;
			buildPhases = (
				5883A8D51C9A4BBF00C29866 /* Sources */,
				5883A8D61C9A4BBF00C29866 /* Frameworks */,
				5883A8D71C9A4BBF00C29866 /* Resources */,
			);
			buildRules = (
			);
			dependencies = (
			);
			name = demo;
			productName = demo;
			productReference = 5883A8D91C9A4BBF00C29866 /* demo.app */;
			productType = "com.apple.product-type.application";
		};
		5883A8EC1C9A4BBF00C29866 /* demoTests */ = {
			isa = PBXNativeTarget;
			buildConfigurationList = 5883A9041C9A4BBF00C29866 /* Build configuration list for PBXNativeTarget "demoTests" */;
			buildPhases = (
				5883A8E91C9A4BBF00C29866 /* Sources */,
				5883A8EA1C9A4BBF00C29866 /* Frameworks */,
				5883A8EB1C9A4BBF00C29866 /* Resources */,
			);
			buildRules = (
			);
			dependencies = (
				5883A8EF1C9A4BBF00C29866 /* PBXTargetDependency */,
			);
			name = demoTests;
			productName = demoTests;
			productReference = 5883A8ED1C9A4BBF00C29866 /* demoTests.xctest */;
			productType = "com.apple.product-type.bundle.unit-test";
		};
		5883A8F71C9A4BBF00C29866 /* demoUITests */ = {
			isa = PBXNativeTarget;
			buildConfigurationList = 5883A9071C9A4BBF00C29866 /* Build configuration list for PBXNativeTarget "demoUITests" */;
			buildPhases = (
				5883A8F41C9A4BBF00C29866 /* Sources */,
				5883A8F51C9A4BBF00C29866 /* Frameworks */,
				5883A8F61C9A4BBF00C29866 /* Resources */,
			);
			buildRules = (
			);
			dependencies = (
				5883A8FA1C9A4BBF00C29866 /* PBXTargetDependency */,
			);
			name = demoUITests;
			productName = demoUITests;
			productReference = 5883A8F81C9A4BBF00C29866 /* demoUITests.xctest */;
			productType = "com.apple.product-type.bundle.ui-testing";
		};
/* End PBXNativeTarget section */

/* Begin PBXProject section */
		5883A8D11C9A4BBF00C29866 /* Project object */ = {
			isa = PBXProject;
			attributes = {
				LastSwiftUpdateCheck = 0720;
				LastUpgradeCheck = 0720;
				ORGANIZATIONNAME = 20131105787;
				TargetAttributes = {
					5883A8D81C9A4BBF00C29866 = {
						CreatedOnToolsVersion = 7.2.1;
					};
					5883A8EC1C9A4BBF00C29866 = {
						CreatedOnToolsVersion = 7.2.1;
						TestTargetID = 5883A8D81C9A4BBF00C29866;
					};
					5883A8F71C9A4BBF00C29866 = {
						CreatedOnToolsVersion = 7.2.1;
						TestTargetID = 5883A8D81C9A4BBF00C29866;
					};
				};
			};
			buildConfigurationList = 5883A8D41C9A4BBF00C29866 /* Build configuration list for PBXProject "demo" */;
			compatibilityVersion = "Xcode 3.2";
			developmentRegion = English;
			hasScannedForEncodings = 0;
			knownRegions = (
				en,
				Base,
			);
			mainGroup = 5883A8D01C9A4BBF00C29866;
			productRefGroup = 5883A8DA1C9A4BBF00C29866 /* Products */;
			projectDirPath = "";
			projectRoot = "";
			targets = (
				5883A8D81C9A4BBF00C29866 /* demo */,
				5883A8EC1C9A4BBF00C29866 /* demoTests */,
				5883A8F71C9A4BBF00C29866 /* demoUITests */,
			);
		};
/* End PBXProject section */

/* Begin PBXResourcesBuildPhase section */
		5883A8D71C9A4BBF00C29866 /* Resources */ = {
			isa = PBXResourcesBuildPhase;
			buildActionMask = 2147483647;
			files = (
				5883A8E71C9A4BBF00C29866 /* LaunchScreen.storyboard in Resources */,
				5883A8E41C9A4BBF00C29866 /* Assets.xcassets in Resources */,
				5883A8E21C9A4BBF00C29866 /* Main.storyboard in Resources */,
			);
			runOnlyForDeploymentPostprocessing = 0;
		};
		5883A8EB1C9A4BBF00C29866 /* Resources */ = {
			isa = PBXResourcesBuildPhase;
			buildActionMask = 2147483647;
			files = (
			);
			runOnlyForDeploymentPostprocessing = 0;
		};
		5883A8F61C9A4BBF00C29866 /* Resources */ = {
			isa = PBXResourcesBuildPhase;
			buildActionMask = 2147483647;
			files = (
			);
			runOnlyForDeploymentPostprocessing = 0;
		};
/* End PBXResourcesBuildPhase section */

/* Begin PBXSourcesBuildPhase section */
		5883A8D51C9A4BBF00C29866 /* Sources */ = {
			isa = PBXSourcesBuildPhase;
			buildActionMask = 2147483647;
			files = (
				5883A8DF1C9A4BBF00C29866 /* ViewController.swift in Sources */,
				5883A8DD1C9A4BBF00C29866 /* AppDelegate.swift in Sources */,
			);
			runOnlyForDeploymentPostprocessing = 0;
		};
		5883A8E91C9A4BBF00C29866 /* Sources */ = {
			isa = PBXSourcesBuildPhase;
			buildActionMask = 2147483647;
			files = (
				5883A8F21C9A4BBF00C29866 /* demoTests.swift in Sources */,
			);
			runOnlyForDeploymentPostprocessing = 0;
		};
		5883A8F41C9A4BBF00C29866 /* Sources */ = {
			isa = PBXSourcesBuildPhase;
			buildActionMask = 2147483647;
			files = (
				5883A8FD1C9A4BBF00C29866 /* demoUITests.swift in Sources */,
			);
			runOnlyForDeploymentPostprocessing = 0;
		};
/* End PBXSourcesBuildPhase section */

/* Begin PBXTargetDependency section */
		5883A8EF1C9A4BBF00C29866 /* PBXTargetDependency */ = {
			isa = PBXTargetDependency;
			target = 5883A8D81C9A4BBF00C29866 /* demo */;
			targetProxy = 5883A8EE1C9A4BBF00C29866 /* PBXContainerItemProxy */;
		};
		5883A8FA1C9A4BBF00C29866 /* PBXTargetDependency */ = {
			isa = PBXTargetDependency;
			target = 5883A8D81C9A4BBF00C29866 /* demo */;
			targetProxy = 5883A8F91C9A4BBF00C29866 /* PBXContainerItemProxy */;
		};
/* End PBXTargetDependency section */

/* Begin PBXVariantGroup section */
		5883A8E01C9A4BBF00C29866 /* Main.storyboard */ = {
			isa = PBXVariantGroup;
			children = (
				5883A8E11C9A4BBF00C29866 /* Base */,
			);
			name = Main.storyboard;
			sourceTree = "<group>";
		};
		5883A8E51C9A4BBF00C29866 /* LaunchScreen.storyboard */ = {
			isa = PBXVariantGroup;
			children = (
				5883A8E61C9A4BBF00C29866 /* Base */,
			);
			name = LaunchScreen.storyboard;
			sourceTree = "<group>";
		};
/* End PBXVariantGroup section */

/* Begin XCBuildConfiguration section */
		5883A8FF1C9A4BBF00C29866 /* Debug */ = {
			isa = XCBuildConfiguration;
			buildSettings = {
				ALWAYS_SEARCH_USER_PATHS = NO;
				CLANG_CXX_LANGUAGE_STANDARD = "gnu++0x";
				CLANG_CXX_LIBRARY = "libc++";
				CLANG_ENABLE_MODULES = YES;
				CLANG_ENABLE_OBJC_ARC = YES;
				CLANG_WARN_BOOL_CONVERSION = YES;
				CLANG_WARN_CONSTANT_CONVERSION = YES;
				CLANG_WARN_DIRECT_OBJC_ISA_USAGE = YES_ERROR;
				CLANG_WARN_EMPTY_BODY = YES;
				CLANG_WARN_ENUM_CONVERSION = YES;
				CLANG_WARN_INT_CONVERSION = YES;
				CLANG_WARN_OBJC_ROOT_CLASS = YES_ERROR;
				CLANG_WARN_UNREACHABLE_CODE = YES;
				CLANG_WARN__DUPLICATE_METHOD_MATCH = YES;
				"CODE_SIGN_IDENTITY[sdk=iphoneos*]" = "iPhone Developer";
				COPY_PHASE_STRIP = NO;
				DEBUG_INFORMATION_FORMAT = dwarf;
				ENABLE_STRICT_OBJC_MSGSEND = YES;
				ENABLE_TESTABILITY = YES;
				GCC_C_LANGUAGE_STANDARD = gnu99;
				GCC_DYNAMIC_NO_PIC = NO;
				GCC_NO_COMMON_BLOCKS = YES;
				GCC_OPTIMIZATION_LEVEL = 0;
				GCC_PREPROCESSOR_DEFINITIONS = (
					"DEBUG=1",
					"$(inherited)",
				);
				GCC_WARN_64_TO_32_BIT_CONVERSION = YES;
				GCC_WARN_ABOUT_RETURN_TYPE = YES_ERROR;
				GCC_WARN_UNDECLARED_SELECTOR = YES;
				GCC_WARN_UNINITIALIZED_AUTOS = YES_AGGRESSIVE;
				GCC_WARN_UNUSED_FUNCTION = YES;
				GCC_WARN_UNUSED_VARIABLE = YES;
				IPHONEOS_DEPLOYMENT_TARGET = 9.2;
				MTL_ENABLE_DEBUG_INFO = YES;
				ONLY_ACTIVE_ARCH = YES;
				SDKROOT = iphoneos;
				SWIFT_OPTIMIZATION_LEVEL = "-Onone";
				TARGETED_DEVICE_FAMILY = 2;
			};
			name = Debug;
		};
		5883A9001C9A4BBF00C29866 /* Release */ = {
			isa = XCBuildConfiguration;
			buildSettings = {
				ALWAYS_SEARCH_USER_PATHS = NO;
				CLANG_CXX_LANGUAGE_STANDARD = "gnu++0x";
				CLANG_CXX_LIBRARY = "libc++";
				CLANG_ENABLE_MODULES = YES;
				CLANG_ENABLE_OBJC_ARC = YES;
				CLANG_WARN_BOOL_CONVERSION = YES;
				CLANG_WARN_CONSTANT_CONVERSION = YES;
				CLANG_WARN_DIRECT_OBJC_ISA_USAGE = YES_ERROR;
				CLANG_WARN_EMPTY_BODY = YES;
				CLANG_WARN_ENUM_CONVERSION = YES;
				CLANG_WARN_INT_CONVERSION = YES;
				CLANG_WARN_OBJC_ROOT_CLASS = YES_ERROR;
				CLANG_WARN_UNREACHABLE_CODE = YES;
				CLANG_WARN__DUPLICATE_METHOD_MATCH = YES;
				"CODE_SIGN_IDENTITY[sdk=iphoneos*]" = "iPhone Developer";
				COPY_PHASE_STRIP = NO;
				DEBUG_INFORMATION_FORMAT = "dwarf-with-dsym";
				ENABLE_NS_ASSERTIONS = NO;
				ENABLE_STRICT_OBJC_MSGSEND = YES;
				GCC_C_LANGUAGE_STANDARD = gnu99;
				GCC_NO_COMMON_BLOCKS = YES;
				GCC_WARN_64_TO_32_BIT_CONVERSION = YES;
				GCC_WARN_ABOUT_RETURN_TYPE = YES_ERROR;
				GCC_WARN_UNDECLARED_SELECTOR = YES;
				GCC_WARN_UNINITIALIZED_AUTOS = YES_AGGRESSIVE;
				GCC_WARN_UNUSED_FUNCTION = YES;
				GCC_WARN_UNUSED_VARIABLE = YES;
				IPHONEOS_DEPLOYMENT_TARGET = 9.2;
				MTL_ENABLE_DEBUG_INFO = NO;
				SDKROOT = iphoneos;
				TARGETED_DEVICE_FAMILY = 2;
				VALIDATE_PRODUCT = YES;
			};
			name = Release;
		};
		5883A9021C9A4BBF00C29866 /* Debug */ = {
			isa = XCBuildConfiguration;
			buildSettings = {
				ASSETCATALOG_COMPILER_APPICON_NAME = AppIcon;
				INFOPLIST_FILE = demo/Info.plist;
				LD_RUNPATH_SEARCH_PATHS = "$(inherited) @executable_path/Frameworks";
				PRODUCT_BUNDLE_IDENTIFIER = imnu.edu.cn.demo;
				PRODUCT_NAME = "$(TARGET_NAME)";
			};
			name = Debug;
		};
		5883A9031C9A4BBF00C29866 /* Release */ = {
			isa = XCBuildConfiguration;
			buildSettings = {
				ASSETCATALOG_COMPILER_APPICON_NAME = AppIcon;
				INFOPLIST_FILE = demo/Info.plist;
				LD_RUNPATH_SEARCH_PATHS = "$(inherited) @executable_path/Frameworks";
				PRODUCT_BUNDLE_IDENTIFIER = imnu.edu.cn.demo;
				PRODUCT_NAME = "$(TARGET_NAME)";
			};
			name = Release;
		};
		5883A9051C9A4BBF00C29866 /* Debug */ = {
			isa = XCBuildConfiguration;
			buildSettings = {
				BUNDLE_LOADER = "$(TEST_HOST)";
				INFOPLIST_FILE = demoTests/Info.plist;
				LD_RUNPATH_SEARCH_PATHS = "$(inherited) @executable_path/Frameworks @loader_path/Frameworks";
				PRODUCT_BUNDLE_IDENTIFIER = imnu.edu.cn.demoTests;
				PRODUCT_NAME = "$(TARGET_NAME)";
				TEST_HOST = "$(BUILT_PRODUCTS_DIR)/demo.app/demo";
			};
			name = Debug;
		};
		5883A9061C9A4BBF00C29866 /* Release */ = {
			isa = XCBuildConfiguration;
			buildSettings = {
				BUNDLE_LOADER = "$(TEST_HOST)";
				INFOPLIST_FILE = demoTests/Info.plist;
				LD_RUNPATH_SEARCH_PATHS = "$(inherited) @executable_path/Frameworks @loader_path/Frameworks";
				PRODUCT_BUNDLE_IDENTIFIER = imnu.edu.cn.demoTests;
				PRODUCT_NAME = "$(TARGET_NAME)";
				TEST_HOST = "$(BUILT_PRODUCTS_DIR)/demo.app/demo";
			};
			name = Release;
		};
		5883A9081C9A4BBF00C29866 /* Debug */ = {
			isa = XCBuildConfiguration;
			buildSettings = {
				INFOPLIST_FILE = demoUITests/Info.plist;
				LD_RUNPATH_SEARCH_PATHS = "$(inherited) @executable_path/Frameworks @loader_path/Frameworks";
				PRODUCT_BUNDLE_IDENTIFIER = imnu.edu.cn.demoUITests;
				PRODUCT_NAME = "$(TARGET_NAME)";
				TEST_TARGET_NAME = demo;
				USES_XCTRUNNER = YES;
			};
			name = Debug;
		};
		5883A9091C9A4BBF00C29866 /* Release */ = {
			isa = XCBuildConfiguration;
			buildSettings = {
				INFOPLIST_FILE = demoUITests/Info.plist;
				LD_RUNPATH_SEARCH_PATHS = "$(inherited) @executable_path/Frameworks @loader_path/Frameworks";
				PRODUCT_BUNDLE_IDENTIFIER = imnu.edu.cn.demoUITests;
				PRODUCT_NAME = "$(TARGET_NAME)";
				TEST_TARGET_NAME = demo;
				USES_XCTRUNNER = YES;
			};
			name = Release;
		};
/* End XCBuildConfiguration section */

/* Begin XCConfigurationList section */
		5883A8D41C9A4BBF00C29866 /* Build configuration list for PBXProject "demo" */ = {
			isa = XCConfigurationList;
			buildConfigurations = (
				5883A8FF1C9A4BBF00C29866 /* Debug */,
				5883A9001C9A4BBF00C29866 /* Release */,
			);
			defaultConfigurationIsVisible = 0;
			defaultConfigurationName = Release;
		};
		5883A9011C9A4BBF00C29866 /* Build configuration list for PBXNativeTarget "demo" */ = {
			isa = XCConfigurationList;
			buildConfigurations = (
				5883A9021C9A4BBF00C29866 /* Debug */,
				5883A9031C9A4BBF00C29866 /* Release */,
			);
			defaultConfigurationIsVisible = 0;
		};
		5883A9041C9A4BBF00C29866 /* Build configuration list for PBXNativeTarget "demoTests" */ = {
			isa = XCConfigurationList;
			buildConfigurations = (
				5883A9051C9A4BBF00C29866 /* Debug */,
				5883A9061C9A4BBF00C29866 /* Release */,
			);
			defaultConfigurationIsVisible = 0;
		};
		5883A9071C9A4BBF00C29866 /* Build configuration list for PBXNativeTarget "demoUITests" */ = {
			isa = XCConfigurationList;
			buildConfigurations = (
				5883A9081C9A4BBF00C29866 /* Debug */,
				5883A9091C9A4BBF00C29866 /* Release */,
			);
			defaultConfigurationIsVisible = 0;
		};
/* End XCConfigurationList section */
	};
	rootObject = 5883A8D11C9A4BBF00C29866 /* Project object */;
}
